// !$*UTF8*$!
{
	archiveVersion = 1;
	classes = {
	};
	objectVersion = 56;
	objects = {

/* Begin PBXBuildFile section */
		1634273F2C4C1383004D406D /* HelioApp.swift in Sources */ = {isa = PBXBuildFile; fileRef = 1634273E2C4C1383004D406D /* HelioApp.swift */; };
		163427412C4C1383004D406D /* ContentViewV1.swift in Sources */ = {isa = PBXBuildFile; fileRef = 163427402C4C1383004D406D /* ContentViewV1.swift */; };
		163427432C4C1384004D406D /* Assets.xcassets in Resources */ = {isa = PBXBuildFile; fileRef = 163427422C4C1384004D406D /* Assets.xcassets */; };
		163427462C4C1384004D406D /* Preview Assets.xcassets in Resources */ = {isa = PBXBuildFile; fileRef = 163427452C4C1384004D406D /* Preview Assets.xcassets */; };
		16D47FDC2C4C13E50001AD63 /* BodyMovementDetectorViewController.swift in Sources */ = {isa = PBXBuildFile; fileRef = 16D47FDB2C4C13E50001AD63 /* BodyMovementDetectorViewController.swift */; };
		16D47FDF2C4C1BBC0001AD63 /* VideoRecordingViewController.swift in Sources */ = {isa = PBXBuildFile; fileRef = 16D47FDE2C4C1BBC0001AD63 /* VideoRecordingViewController.swift */; };
		16D47FE12C4C1C4B0001AD63 /* VideoCaptureView.swift in Sources */ = {isa = PBXBuildFile; fileRef = 16D47FE02C4C1C4B0001AD63 /* VideoCaptureView.swift */; };
		16D47FE32C4C2A780001AD63 /* ImagePicker.swift in Sources */ = {isa = PBXBuildFile; fileRef = 16D47FE22C4C2A780001AD63 /* ImagePicker.swift */; };
		16D47FE52C4C2A930001AD63 /* ContentViewV2.swift in Sources */ = {isa = PBXBuildFile; fileRef = 16D47FE42C4C2A930001AD63 /* ContentViewV2.swift */; };
		16D47FE72C4C37540001AD63 /* CameraViewController.swift in Sources */ = {isa = PBXBuildFile; fileRef = 16D47FE62C4C37540001AD63 /* CameraViewController.swift */; };
		16D47FE92C4C378C0001AD63 /* CameraView.swift in Sources */ = {isa = PBXBuildFile; fileRef = 16D47FE82C4C378C0001AD63 /* CameraView.swift */; };
		16D47FEB2C4C37AF0001AD63 /* ContentView.swift in Sources */ = {isa = PBXBuildFile; fileRef = 16D47FEA2C4C37AF0001AD63 /* ContentView.swift */; };
		16D47FED2C4C44BE0001AD63 /* ActivityTableViewController.swift in Sources */ = {isa = PBXBuildFile; fileRef = 16D47FEC2C4C44BE0001AD63 /* ActivityTableViewController.swift */; };
/* End PBXBuildFile section */

/* Begin PBXFileReference section */
		1634273B2C4C1383004D406D /* Helio.app */ = {isa = PBXFileReference; explicitFileType = wrapper.application; includeInIndex = 0; path = Helio.app; sourceTree = BUILT_PRODUCTS_DIR; };
		1634273E2C4C1383004D406D /* HelioApp.swift */ = {isa = PBXFileReference; lastKnownFileType = sourcecode.swift; path = HelioApp.swift; sourceTree = "<group>"; };
		163427402C4C1383004D406D /* ContentViewV1.swift */ = {isa = PBXFileReference; lastKnownFileType = sourcecode.swift; path = ContentViewV1.swift; sourceTree = "<group>"; };
		163427422C4C1384004D406D /* Assets.xcassets */ = {isa = PBXFileReference; lastKnownFileType = folder.assetcatalog; path = Assets.xcassets; sourceTree = "<group>"; };
		163427452C4C1384004D406D /* Preview Assets.xcassets */ = {isa = PBXFileReference; lastKnownFileType = folder.assetcatalog; path = "Preview Assets.xcassets"; sourceTree = "<group>"; };
		16D47FDB2C4C13E50001AD63 /* BodyMovementDetectorViewController.swift */ = {isa = PBXFileReference; fileEncoding = 4; lastKnownFileType = sourcecode.swift; path = BodyMovementDetectorViewController.swift; sourceTree = "<group>"; };
		16D47FDD2C4C14460001AD63 /* Info.plist */ = {isa = PBXFileReference; lastKnownFileType = text.plist; path = Info.plist; sourceTree = "<group>"; };
		16D47FDE2C4C1BBC0001AD63 /* VideoRecordingViewController.swift */ = {isa = PBXFileReference; lastKnownFileType = sourcecode.swift; path = VideoRecordingViewController.swift; sourceTree = "<group>"; };
		16D47FE02C4C1C4B0001AD63 /* VideoCaptureView.swift */ = {isa = PBXFileReference; lastKnownFileType = sourcecode.swift; path = VideoCaptureView.swift; sourceTree = "<group>"; };
		16D47FE22C4C2A780001AD63 /* ImagePicker.swift */ = {isa = PBXFileReference; lastKnownFileType = sourcecode.swift; path = ImagePicker.swift; sourceTree = "<group>"; };
		16D47FE42C4C2A930001AD63 /* ContentViewV2.swift */ = {isa = PBXFileReference; lastKnownFileType = sourcecode.swift; path = ContentViewV2.swift; sourceTree = "<group>"; };
		16D47FE62C4C37540001AD63 /* CameraViewController.swift */ = {isa = PBXFileReference; lastKnownFileType = sourcecode.swift; path = CameraViewController.swift; sourceTree = "<group>"; };
		16D47FE82C4C378C0001AD63 /* CameraView.swift */ = {isa = PBXFileReference; lastKnownFileType = sourcecode.swift; path = CameraView.swift; sourceTree = "<group>"; };
		16D47FEA2C4C37AF0001AD63 /* ContentView.swift */ = {isa = PBXFileReference; lastKnownFileType = sourcecode.swift; path = ContentView.swift; sourceTree = "<group>"; };
		16D47FEC2C4C44BE0001AD63 /* ActivityTableViewController.swift */ = {isa = PBXFileReference; lastKnownFileType = sourcecode.swift; path = ActivityTableViewController.swift; sourceTree = "<group>"; };
/* End PBXFileReference section */

/* Begin PBXFrameworksBuildPhase section */
		163427382C4C1383004D406D /* Frameworks */ = {
			isa = PBXFrameworksBuildPhase;
			buildActionMask = 2147483647;
			files = (
			);
			runOnlyForDeploymentPostprocessing = 0;
		};
/* End PBXFrameworksBuildPhase section */

/* Begin PBXGroup section */
		163427322C4C1383004D406D = {
			isa = PBXGroup;
			children = (
				1634273D2C4C1383004D406D /* Helio */,
				1634273C2C4C1383004D406D /* Products */,
			);
			sourceTree = "<group>";
		};
		1634273C2C4C1383004D406D /* Products */ = {
			isa = PBXGroup;
			children = (
				1634273B2C4C1383004D406D /* Helio.app */,
			);
			name = Products;
			sourceTree = "<group>";
		};
		1634273D2C4C1383004D406D /* Helio */ = {
			isa = PBXGroup;
			children = (
				16D47FDD2C4C14460001AD63 /* Info.plist */,
				1634273E2C4C1383004D406D /* HelioApp.swift */,
				16D47FDB2C4C13E50001AD63 /* BodyMovementDetectorViewController.swift */,
				16D47FDE2C4C1BBC0001AD63 /* VideoRecordingViewController.swift */,
				16D47FE02C4C1C4B0001AD63 /* VideoCaptureView.swift */,
				16D47FE62C4C37540001AD63 /* CameraViewController.swift */,
				16D47FEC2C4C44BE0001AD63 /* ActivityTableViewController.swift */,
				16D47FE82C4C378C0001AD63 /* CameraView.swift */,
				163427402C4C1383004D406D /* ContentViewV1.swift */,
				16D47FEA2C4C37AF0001AD63 /* ContentView.swift */,
				16D47FE42C4C2A930001AD63 /* ContentViewV2.swift */,
				16D47FE22C4C2A780001AD63 /* ImagePicker.swift */,
				163427422C4C1384004D406D /* Assets.xcassets */,
				163427442C4C1384004D406D /* Preview Content */,
			);
			path = Helio;
			sourceTree = "<group>";
		};
		163427442C4C1384004D406D /* Preview Content */ = {
			isa = PBXGroup;
			children = (
				163427452C4C1384004D406D /* Preview Assets.xcassets */,
			);
			path = "Preview Content";
			sourceTree = "<group>";
		};
/* End PBXGroup section */

/* Begin PBXNativeTarget section */
		1634273A2C4C1383004D406D /* Helio */ = {
			isa = PBXNativeTarget;
			buildConfigurationList = 163427492C4C1384004D406D /* Build configuration list for PBXNativeTarget "Helio" */;
			buildPhases = (
				163427372C4C1383004D406D /* Sources */,
				163427382C4C1383004D406D /* Frameworks */,
				163427392C4C1383004D406D /* Resources */,
			);
			buildRules = (
			);
			dependencies = (
			);
			name = Helio;
			productName = Helio;
			productReference = 1634273B2C4C1383004D406D /* Helio.app */;
			productType = "com.apple.product-type.application";
		};
/* End PBXNativeTarget section */

/* Begin PBXProject section */
		163427332C4C1383004D406D /* Project object */ = {
			isa = PBXProject;
			attributes = {
				BuildIndependentTargetsInParallel = 1;
				LastSwiftUpdateCheck = 1540;
				LastUpgradeCheck = 1540;
				TargetAttributes = {
					1634273A2C4C1383004D406D = {
						CreatedOnToolsVersion = 15.4;
					};
				};
			};
			buildConfigurationList = 163427362C4C1383004D406D /* Build configuration list for PBXProject "Helio" */;
			compatibilityVersion = "Xcode 14.0";
			developmentRegion = en;
			hasScannedForEncodings = 0;
			knownRegions = (
				en,
				Base,
			);
			mainGroup = 163427322C4C1383004D406D;
			productRefGroup = 1634273C2C4C1383004D406D /* Products */;
			projectDirPath = "";
			projectRoot = "";
			targets = (
				1634273A2C4C1383004D406D /* Helio */,
			);
		};
/* End PBXProject section */

/* Begin PBXResourcesBuildPhase section */
		163427392C4C1383004D406D /* Resources */ = {
			isa = PBXResourcesBuildPhase;
			buildActionMask = 2147483647;
			files = (
				163427462C4C1384004D406D /* Preview Assets.xcassets in Resources */,
				163427432C4C1384004D406D /* Assets.xcassets in Resources */,
			);
			runOnlyForDeploymentPostprocessing = 0;
		};
/* End PBXResourcesBuildPhase section */

/* Begin PBXSourcesBuildPhase section */
		163427372C4C1383004D406D /* Sources */ = {
			isa = PBXSourcesBuildPhase;
			buildActionMask = 2147483647;
			files = (
				16D47FED2C4C44BE0001AD63 /* ActivityTableViewController.swift in Sources */,
				16D47FE12C4C1C4B0001AD63 /* VideoCaptureView.swift in Sources */,
				16D47FDF2C4C1BBC0001AD63 /* VideoRecordingViewController.swift in Sources */,
				16D47FE52C4C2A930001AD63 /* ContentViewV2.swift in Sources */,
				16D47FE92C4C378C0001AD63 /* CameraView.swift in Sources */,
				163427412C4C1383004D406D /* ContentViewV1.swift in Sources */,
				16D47FE32C4C2A780001AD63 /* ImagePicker.swift in Sources */,
				16D47FEB2C4C37AF0001AD63 /* ContentView.swift in Sources */,
				16D47FE72C4C37540001AD63 /* CameraViewController.swift in Sources */,
				16D47FDC2C4C13E50001AD63 /* BodyMovementDetectorViewController.swift in Sources */,
				1634273F2C4C1383004D406D /* HelioApp.swift in Sources */,
			);
			runOnlyForDeploymentPostprocessing = 0;
		};
/* End PBXSourcesBuildPhase section */

/* Begin XCBuildConfiguration section */
		163427472C4C1384004D406D /* Debug */ = {
			isa = XCBuildConfiguration;
			buildSettings = {
				ALWAYS_SEARCH_USER_PATHS = NO;
				ASSETCATALOG_COMPILER_GENERATE_SWIFT_ASSET_SYMBOL_EXTENSIONS = YES;
				CLANG_ANALYZER_NONNULL = YES;
				CLANG_ANALYZER_NUMBER_OBJECT_CONVERSION = YES_AGGRESSIVE;
				CLANG_CXX_LANGUAGE_STANDARD = "gnu++20";
				CLANG_ENABLE_MODULES = YES;
				CLANG_ENABLE_OBJC_ARC = YES;
				CLANG_ENABLE_OBJC_WEAK = YES;
				CLANG_WARN_BLOCK_CAPTURE_AUTORELEASING = YES;
				CLANG_WARN_BOOL_CONVERSION = YES;
				CLANG_WARN_COMMA = YES;
				CLANG_WARN_CONSTANT_CONVERSION = YES;
				CLANG_WARN_DEPRECATED_OBJC_IMPLEMENTATIONS = YES;
				CLANG_WARN_DIRECT_OBJC_ISA_USAGE = YES_ERROR;
				CLANG_WARN_DOCUMENTATION_COMMENTS = YES;
				CLANG_WARN_EMPTY_BODY = YES;
				CLANG_WARN_ENUM_CONVERSION = YES;
				CLANG_WARN_INFINITE_RECURSION = YES;
				CLANG_WARN_INT_CONVERSION = YES;
				CLANG_WARN_NON_LITERAL_NULL_CONVERSION = YES;
				CLANG_WARN_OBJC_IMPLICIT_RETAIN_SELF = YES;
				CLANG_WARN_OBJC_LITERAL_CONVERSION = YES;
				CLANG_WARN_OBJC_ROOT_CLASS = YES_ERROR;
				CLANG_WARN_QUOTED_INCLUDE_IN_FRAMEWORK_HEADER = YES;
				CLANG_WARN_RANGE_LOOP_ANALYSIS = YES;
				CLANG_WARN_STRICT_PROTOTYPES = YES;
				CLANG_WARN_SUSPICIOUS_MOVE = YES;
				CLANG_WARN_UNGUARDED_AVAILABILITY = YES_AGGRESSIVE;
				CLANG_WARN_UNREACHABLE_CODE = YES;
				CLANG_WARN__DUPLICATE_METHOD_MATCH = YES;
				COPY_PHASE_STRIP = NO;
				DEBUG_INFORMATION_FORMAT = dwarf;
				ENABLE_STRICT_OBJC_MSGSEND = YES;
				ENABLE_TESTABILITY = YES;
				ENABLE_USER_SCRIPT_SANDBOXING = YES;
				GCC_C_LANGUAGE_STANDARD = gnu17;
				GCC_DYNAMIC_NO_PIC = NO;
				GCC_NO_COMMON_BLOCKS = YES;
				GCC_OPTIMIZATION_LEVEL = 0;
				GCC_PREPROCESSOR_DEFINITIONS = (
					"DEBUG=1",
					"$(inherited)",
				);
				GCC_WARN_64_TO_32_BIT_CONVERSION = YES;
				GCC_WARN_ABOUT_RETURN_TYPE = YES_ERROR;
				GCC_WARN_UNDECLARED_SELECTOR = YES;
				GCC_WARN_UNINITIALIZED_AUTOS = YES_AGGRESSIVE;
				GCC_WARN_UNUSED_FUNCTION = YES;
				GCC_WARN_UNUSED_VARIABLE = YES;
				IPHONEOS_DEPLOYMENT_TARGET = 17.4;
				LOCALIZATION_PREFERS_STRING_CATALOGS = YES;
				MTL_ENABLE_DEBUG_INFO = INCLUDE_SOURCE;
				MTL_FAST_MATH = YES;
				ONLY_ACTIVE_ARCH = YES;
				SDKROOT = iphoneos;
				SWIFT_ACTIVE_COMPILATION_CONDITIONS = "DEBUG $(inherited)";
				SWIFT_OPTIMIZATION_LEVEL = "-Onone";
			};
			name = Debug;
		};
		163427482C4C1384004D406D /* Release */ = {
			isa = XCBuildConfiguration;
			buildSettings = {
				ALWAYS_SEARCH_USER_PATHS = NO;
				ASSETCATALOG_COMPILER_GENERATE_SWIFT_ASSET_SYMBOL_EXTENSIONS = YES;
				CLANG_ANALYZER_NONNULL = YES;
				CLANG_ANALYZER_NUMBER_OBJECT_CONVERSION = YES_AGGRESSIVE;
				CLANG_CXX_LANGUAGE_STANDARD = "gnu++20";
				CLANG_ENABLE_MODULES = YES;
				CLANG_ENABLE_OBJC_ARC = YES;
				CLANG_ENABLE_OBJC_WEAK = YES;
				CLANG_WARN_BLOCK_CAPTURE_AUTORELEASING = YES;
				CLANG_WARN_BOOL_CONVERSION = YES;
				CLANG_WARN_COMMA = YES;
				CLANG_WARN_CONSTANT_CONVERSION = YES;
				CLANG_WARN_DEPRECATED_OBJC_IMPLEMENTATIONS = YES;
				CLANG_WARN_DIRECT_OBJC_ISA_USAGE = YES_ERROR;
				CLANG_WARN_DOCUMENTATION_COMMENTS = YES;
				CLANG_WARN_EMPTY_BODY = YES;
				CLANG_WARN_ENUM_CONVERSION = YES;
				CLANG_WARN_INFINITE_RECURSION = YES;
				CLANG_WARN_INT_CONVERSION = YES;
				CLANG_WARN_NON_LITERAL_NULL_CONVERSION = YES;
				CLANG_WARN_OBJC_IMPLICIT_RETAIN_SELF = YES;
				CLANG_WARN_OBJC_LITERAL_CONVERSION = YES;
				CLANG_WARN_OBJC_ROOT_CLASS = YES_ERROR;
				CLANG_WARN_QUOTED_INCLUDE_IN_FRAMEWORK_HEADER = YES;
				CLANG_WARN_RANGE_LOOP_ANALYSIS = YES;
				CLANG_WARN_STRICT_PROTOTYPES = YES;
				CLANG_WARN_SUSPICIOUS_MOVE = YES;
				CLANG_WARN_UNGUARDED_AVAILABILITY = YES_AGGRESSIVE;
				CLANG_WARN_UNREACHABLE_CODE = YES;
				CLANG_WARN__DUPLICATE_METHOD_MATCH = YES;
				COPY_PHASE_STRIP = NO;
				DEBUG_INFORMATION_FORMAT = "dwarf-with-dsym";
				ENABLE_NS_ASSERTIONS = NO;
				ENABLE_STRICT_OBJC_MSGSEND = YES;
				ENABLE_USER_SCRIPT_SANDBOXING = YES;
				GCC_C_LANGUAGE_STANDARD = gnu17;
				GCC_NO_COMMON_BLOCKS = YES;
				GCC_WARN_64_TO_32_BIT_CONVERSION = YES;
				GCC_WARN_ABOUT_RETURN_TYPE = YES_ERROR;
				GCC_WARN_UNDECLARED_SELECTOR = YES;
				GCC_WARN_UNINITIALIZED_AUTOS = YES_AGGRESSIVE;
				GCC_WARN_UNUSED_FUNCTION = YES;
				GCC_WARN_UNUSED_VARIABLE = YES;
				IPHONEOS_DEPLOYMENT_TARGET = 17.4;
				LOCALIZATION_PREFERS_STRING_CATALOGS = YES;
				MTL_ENABLE_DEBUG_INFO = NO;
				MTL_FAST_MATH = YES;
				SDKROOT = iphoneos;
				SWIFT_COMPILATION_MODE = wholemodule;
				VALIDATE_PRODUCT = YES;
			};
			name = Release;
		};
		1634274A2C4C1384004D406D /* Debug */ = {
			isa = XCBuildConfiguration;
			buildSettings = {
				ASSETCATALOG_COMPILER_APPICON_NAME = AppIcon;
				ASSETCATALOG_COMPILER_GLOBAL_ACCENT_COLOR_NAME = AccentColor;
				CODE_SIGN_STYLE = Automatic;
				CURRENT_PROJECT_VERSION = 1;
				DEVELOPMENT_ASSET_PATHS = "\"Helio/Preview Content\"";
				DEVELOPMENT_TEAM = PLMJPALLVC;
				ENABLE_PREVIEWS = YES;
				GENERATE_INFOPLIST_FILE = YES;
				INFOPLIST_FILE = Helio/Info.plist;
				INFOPLIST_KEY_UIApplicationSceneManifest_Generation = YES;
				INFOPLIST_KEY_UIApplicationSupportsIndirectInputEvents = YES;
				INFOPLIST_KEY_UILaunchScreen_Generation = YES;
				INFOPLIST_KEY_UISupportedInterfaceOrientations_iPad = "UIInterfaceOrientationPortrait UIInterfaceOrientationPortraitUpsideDown UIInterfaceOrientationLandscapeLeft UIInterfaceOrientationLandscapeRight";
				INFOPLIST_KEY_UISupportedInterfaceOrientations_iPhone = "UIInterfaceOrientationPortrait UIInterfaceOrientationLandscapeLeft UIInterfaceOrientationLandscapeRight";
				LD_RUNPATH_SEARCH_PATHS = (
					"$(inherited)",
					"@executable_path/Frameworks",
				);
				MARKETING_VERSION = 1.0;
				PRODUCT_BUNDLE_IDENTIFIER = com.ruedaminute.Helio;
				PRODUCT_NAME = "$(TARGET_NAME)";
				SWIFT_EMIT_LOC_STRINGS = YES;
				SWIFT_VERSION = 5.0;
				TARGETED_DEVICE_FAMILY = "1,2";
			};
			name = Debug;
		};
		1634274B2C4C1384004D406D /* Release */ = {
			isa = XCBuildConfiguration;
			buildSettings = {
				ASSETCATALOG_COMPILER_APPICON_NAME = AppIcon;
				ASSETCATALOG_COMPILER_GLOBAL_ACCENT_COLOR_NAME = AccentColor;
				CODE_SIGN_STYLE = Automatic;
				CURRENT_PROJECT_VERSION = 1;
				DEVELOPMENT_ASSET_PATHS = "\"Helio/Preview Content\"";
				DEVELOPMENT_TEAM = PLMJPALLVC;
				ENABLE_PREVIEWS = YES;
				GENERATE_INFOPLIST_FILE = YES;
				INFOPLIST_FILE = Helio/Info.plist;
				INFOPLIST_KEY_UIApplicationSceneManifest_Generation = YES;
				INFOPLIST_KEY_UIApplicationSupportsIndirectInputEvents = YES;
				INFOPLIST_KEY_UILaunchScreen_Generation = YES;
				INFOPLIST_KEY_UISupportedInterfaceOrientations_iPad = "UIInterfaceOrientationPortrait UIInterfaceOrientationPortraitUpsideDown UIInterfaceOrientationLandscapeLeft UIInterfaceOrientationLandscapeRight";
				INFOPLIST_KEY_UISupportedInterfaceOrientations_iPhone = "UIInterfaceOrientationPortrait UIInterfaceOrientationLandscapeLeft UIInterfaceOrientationLandscapeRight";
				LD_RUNPATH_SEARCH_PATHS = (
					"$(inherited)",
					"@executable_path/Frameworks",
				);
				MARKETING_VERSION = 1.0;
				PRODUCT_BUNDLE_IDENTIFIER = com.ruedaminute.Helio;
				PRODUCT_NAME = "$(TARGET_NAME)";
				SWIFT_EMIT_LOC_STRINGS = YES;
				SWIFT_VERSION = 5.0;
				TARGETED_DEVICE_FAMILY = "1,2";
			};
			name = Release;
		};
/* End XCBuildConfiguration section */

/* Begin XCConfigurationList section */
		163427362C4C1383004D406D /* Build configuration list for PBXProject "Helio" */ = {
			isa = XCConfigurationList;
			buildConfigurations = (
				163427472C4C1384004D406D /* Debug */,
				163427482C4C1384004D406D /* Release */,
			);
			defaultConfigurationIsVisible = 0;
			defaultConfigurationName = Release;
		};
		163427492C4C1384004D406D /* Build configuration list for PBXNativeTarget "Helio" */ = {
			isa = XCConfigurationList;
			buildConfigurations = (
				1634274A2C4C1384004D406D /* Debug */,
				1634274B2C4C1384004D406D /* Release */,
			);
			defaultConfigurationIsVisible = 0;
			defaultConfigurationName = Release;
		};
/* End XCConfigurationList section */
	};
	rootObject = 163427332C4C1383004D406D /* Project object */;
}
